// !$*UTF8*$!
{
	archiveVersion = 1;
	classes = {
	};
	objectVersion = 77;
	objects = {

/* Begin PBXContainerItemProxy section */
		22C83DEA2D6BDF1700651EDE /* PBXContainerItemProxy */ = {
			isa = PBXContainerItemProxy;
			containerPortal = 22C83DCF2D6BDF1600651EDE /* Project object */;
			proxyType = 1;
			remoteGlobalIDString = 22C83DD62D6BDF1600651EDE;
			remoteInfo = "Flappy Bird Swift UI";
		};
		22C83DF42D6BDF1700651EDE /* PBXContainerItemProxy */ = {
			isa = PBXContainerItemProxy;
			containerPortal = 22C83DCF2D6BDF1600651EDE /* Project object */;
			proxyType = 1;
			remoteGlobalIDString = 22C83DD62D6BDF1600651EDE;
			remoteInfo = "Flappy Bird Swift UI";
		};
/* End PBXContainerItemProxy section */

/* Begin PBXFileReference section */
		22C83DD72D6BDF1600651EDE /* Flappy Bird Swift UI.app */ = {isa = PBXFileReference; explicitFileType = wrapper.application; includeInIndex = 0; path = "Flappy Bird Swift UI.app"; sourceTree = BUILT_PRODUCTS_DIR; };
		22C83DE92D6BDF1700651EDE /* Flappy Bird Swift UITests.xctest */ = {isa = PBXFileReference; explicitFileType = wrapper.cfbundle; includeInIndex = 0; path = "Flappy Bird Swift UITests.xctest"; sourceTree = BUILT_PRODUCTS_DIR; };
		22C83DF32D6BDF1700651EDE /* Flappy Bird Swift UIUITests.xctest */ = {isa = PBXFileReference; explicitFileType = wrapper.cfbundle; includeInIndex = 0; path = "Flappy Bird Swift UIUITests.xctest"; sourceTree = BUILT_PRODUCTS_DIR; };
/* End PBXFileReference section */

/* Begin PBXFileSystemSynchronizedRootGroup section */
		22C83DD92D6BDF1600651EDE /* Flappy Bird Swift UI */ = {
			isa = PBXFileSystemSynchronizedRootGroup;
			path = "Flappy Bird Swift UI";
			sourceTree = "<group>";
		};
		22C83DEC2D6BDF1700651EDE /* Flappy Bird Swift UITests */ = {
			isa = PBXFileSystemSynchronizedRootGroup;
			path = "Flappy Bird Swift UITests";
			sourceTree = "<group>";
		};
		22C83DF62D6BDF1700651EDE /* Flappy Bird Swift UIUITests */ = {
			isa = PBXFileSystemSynchronizedRootGroup;
			path = "Flappy Bird Swift UIUITests";
			sourceTree = "<group>";
		};
/* End PBXFileSystemSynchronizedRootGroup section */

/* Begin PBXFrameworksBuildPhase section */
		22C83DD42D6BDF1600651EDE /* Frameworks */ = {
			isa = PBXFrameworksBuildPhase;
			buildActionMask = 2147483647;
			files = (
			);
			runOnlyForDeploymentPostprocessing = 0;
		};
		22C83DE62D6BDF1700651EDE /* Frameworks */ = {
			isa = PBXFrameworksBuildPhase;
			buildActionMask = 2147483647;
			files = (
			);
			runOnlyForDeploymentPostprocessing = 0;
		};
		22C83DF02D6BDF1700651EDE /* Frameworks */ = {
			isa = PBXFrameworksBuildPhase;
			buildActionMask = 2147483647;
			files = (
			);
			runOnlyForDeploymentPostprocessing = 0;
		};
/* End PBXFrameworksBuildPhase section */

/* Begin PBXGroup section */
		22C83DCE2D6BDF1600651EDE = {
			isa = PBXGroup;
			children = (
				22C83DD92D6BDF1600651EDE /* Flappy Bird Swift UI */,
				22C83DEC2D6BDF1700651EDE /* Flappy Bird Swift UITests */,
				22C83DF62D6BDF1700651EDE /* Flappy Bird Swift UIUITests */,
				22C83DD82D6BDF1600651EDE /* Products */,
			);
			sourceTree = "<group>";
		};
		22C83DD82D6BDF1600651EDE /* Products */ = {
			isa = PBXGroup;
			children = (
				22C83DD72D6BDF1600651EDE /* Flappy Bird Swift UI.app */,
				22C83DE92D6BDF1700651EDE /* Flappy Bird Swift UITests.xctest */,
				22C83DF32D6BDF1700651EDE /* Flappy Bird Swift UIUITests.xctest */,
			);
			name = Products;
			sourceTree = "<group>";
		};
/* End PBXGroup section */

/* Begin PBXNativeTarget section */
		22C83DD62D6BDF1600651EDE /* Flappy Bird Swift UI */ = {
			isa = PBXNativeTarget;
			buildConfigurationList = 22C83DFD2D6BDF1700651EDE /* Build configuration list for PBXNativeTarget "Flappy Bird Swift UI" */;
			buildPhases = (
				22C83DD32D6BDF1600651EDE /* Sources */,
				22C83DD42D6BDF1600651EDE /* Frameworks */,
				22C83DD52D6BDF1600651EDE /* Resources */,
			);
			buildRules = (
			);
			dependencies = (
			);
			fileSystemSynchronizedGroups = (
				22C83DD92D6BDF1600651EDE /* Flappy Bird Swift UI */,
			);
			name = "Flappy Bird Swift UI";
			packageProductDependencies = (
			);
			productName = "Flappy Bird Swift UI";
			productReference = 22C83DD72D6BDF1600651EDE /* Flappy Bird Swift UI.app */;
			productType = "com.apple.product-type.application";
		};
		22C83DE82D6BDF1700651EDE /* Flappy Bird Swift UITests */ = {
			isa = PBXNativeTarget;
			buildConfigurationList = 22C83E002D6BDF1700651EDE /* Build configuration list for PBXNativeTarget "Flappy Bird Swift UITests" */;
			buildPhases = (
				22C83DE52D6BDF1700651EDE /* Sources */,
				22C83DE62D6BDF1700651EDE /* Frameworks */,
				22C83DE72D6BDF1700651EDE /* Resources */,
			);
			buildRules = (
			);
			dependencies = (
				22C83DEB2D6BDF1700651EDE /* PBXTargetDependency */,
			);
			fileSystemSynchronizedGroups = (
				22C83DEC2D6BDF1700651EDE /* Flappy Bird Swift UITests */,
			);
			name = "Flappy Bird Swift UITests";
			packageProductDependencies = (
			);
			productName = "Flappy Bird Swift UITests";
			productReference = 22C83DE92D6BDF1700651EDE /* Flappy Bird Swift UITests.xctest */;
			productType = "com.apple.product-type.bundle.unit-test";
		};
		22C83DF22D6BDF1700651EDE /* Flappy Bird Swift UIUITests */ = {
			isa = PBXNativeTarget;
			buildConfigurationList = 22C83E032D6BDF1700651EDE /* Build configuration list for PBXNativeTarget "Flappy Bird Swift UIUITests" */;
			buildPhases = (
				22C83DEF2D6BDF1700651EDE /* Sources */,
				22C83DF02D6BDF1700651EDE /* Frameworks */,
				22C83DF12D6BDF1700651EDE /* Resources */,
			);
			buildRules = (
			);
			dependencies = (
				22C83DF52D6BDF1700651EDE /* PBXTargetDependency */,
			);
			fileSystemSynchronizedGroups = (
				22C83DF62D6BDF1700651EDE /* Flappy Bird Swift UIUITests */,
			);
			name = "Flappy Bird Swift UIUITests";
			packageProductDependencies = (
			);
			productName = "Flappy Bird Swift UIUITests";
			productReference = 22C83DF32D6BDF1700651EDE /* Flappy Bird Swift UIUITests.xctest */;
			productType = "com.apple.product-type.bundle.ui-testing";
		};
/* End PBXNativeTarget section */

/* Begin PBXProject section */
		22C83DCF2D6BDF1600651EDE /* Project object */ = {
			isa = PBXProject;
			attributes = {
				BuildIndependentTargetsInParallel = 1;
				LastSwiftUpdateCheck = 1620;
				LastUpgradeCheck = 1620;
				TargetAttributes = {
					22C83DD62D6BDF1600651EDE = {
						CreatedOnToolsVersion = 16.2;
					};
					22C83DE82D6BDF1700651EDE = {
						CreatedOnToolsVersion = 16.2;
						TestTargetID = 22C83DD62D6BDF1600651EDE;
					};
					22C83DF22D6BDF1700651EDE = {
						CreatedOnToolsVersion = 16.2;
						TestTargetID = 22C83DD62D6BDF1600651EDE;
					};
				};
			};
			buildConfigurationList = 22C83DD22D6BDF1600651EDE /* Build configuration list for PBXProject "Flappy Bird Swift UI" */;
			developmentRegion = en;
			hasScannedForEncodings = 0;
			knownRegions = (
				en,
				Base,
			);
			mainGroup = 22C83DCE2D6BDF1600651EDE;
			minimizedProjectReferenceProxies = 1;
			preferredProjectObjectVersion = 77;
			productRefGroup = 22C83DD82D6BDF1600651EDE /* Products */;
			projectDirPath = "";
			projectRoot = "";
			targets = (
				22C83DD62D6BDF1600651EDE /* Flappy Bird Swift UI */,
				22C83DE82D6BDF1700651EDE /* Flappy Bird Swift UITests */,
				22C83DF22D6BDF1700651EDE /* Flappy Bird Swift UIUITests */,
			);
		};
/* End PBXProject section */

/* Begin PBXResourcesBuildPhase section */
		22C83DD52D6BDF1600651EDE /* Resources */ = {
			isa = PBXResourcesBuildPhase;
			buildActionMask = 2147483647;
			files = (
			);
			runOnlyForDeploymentPostprocessing = 0;
		};
		22C83DE72D6BDF1700651EDE /* Resources */ = {
			isa = PBXResourcesBuildPhase;
			buildActionMask = 2147483647;
			files = (
			);
			runOnlyForDeploymentPostprocessing = 0;
		};
		22C83DF12D6BDF1700651EDE /* Resources */ = {
			isa = PBXResourcesBuildPhase;
			buildActionMask = 2147483647;
			files = (
			);
			runOnlyForDeploymentPostprocessing = 0;
		};
/* End PBXResourcesBuildPhase section */

/* Begin PBXSourcesBuildPhase section */
		22C83DD32D6BDF1600651EDE /* Sources */ = {
			isa = PBXSourcesBuildPhase;
			buildActionMask = 2147483647;
			files = (
			);
			runOnlyForDeploymentPostprocessing = 0;
		};
		22C83DE52D6BDF1700651EDE /* Sources */ = {
			isa = PBXSourcesBuildPhase;
			buildActionMask = 2147483647;
			files = (
			);
			runOnlyForDeploymentPostprocessing = 0;
		};
		22C83DEF2D6BDF1700651EDE /* Sources */ = {
			isa = PBXSourcesBuildPhase;
			buildActionMask = 2147483647;
			files = (
			);
			runOnlyForDeploymentPostprocessing = 0;
		};
/* End PBXSourcesBuildPhase section */

/* Begin PBXTargetDependency section */
		22C83DEB2D6BDF1700651EDE /* PBXTargetDependency */ = {
			isa = PBXTargetDependency;
			target = 22C83DD62D6BDF1600651EDE /* Flappy Bird Swift UI */;
			targetProxy = 22C83DEA2D6BDF1700651EDE /* PBXContainerItemProxy */;
		};
		22C83DF52D6BDF1700651EDE /* PBXTargetDependency */ = {
			isa = PBXTargetDependency;
			target = 22C83DD62D6BDF1600651EDE /* Flappy Bird Swift UI */;
			targetProxy = 22C83DF42D6BDF1700651EDE /* PBXContainerItemProxy */;
		};
/* End PBXTargetDependency section */

/* Begin XCBuildConfiguration section */
		22C83DFB2D6BDF1700651EDE /* Debug */ = {
			isa = XCBuildConfiguration;
			buildSettings = {
				ALWAYS_SEARCH_USER_PATHS = NO;
				ASSETCATALOG_COMPILER_GENERATE_SWIFT_ASSET_SYMBOL_EXTENSIONS = YES;
				CLANG_ANALYZER_NONNULL = YES;
				CLANG_ANALYZER_NUMBER_OBJECT_CONVERSION = YES_AGGRESSIVE;
				CLANG_CXX_LANGUAGE_STANDARD = "gnu++20";
				CLANG_ENABLE_MODULES = YES;
				CLANG_ENABLE_OBJC_ARC = YES;
				CLANG_ENABLE_OBJC_WEAK = YES;
				CLANG_WARN_BLOCK_CAPTURE_AUTORELEASING = YES;
				CLANG_WARN_BOOL_CONVERSION = YES;
				CLANG_WARN_COMMA = YES;
				CLANG_WARN_CONSTANT_CONVERSION = YES;
				CLANG_WARN_DEPRECATED_OBJC_IMPLEMENTATIONS = YES;
				CLANG_WARN_DIRECT_OBJC_ISA_USAGE = YES_ERROR;
				CLANG_WARN_DOCUMENTATION_COMMENTS = YES;
				CLANG_WARN_EMPTY_BODY = YES;
				CLANG_WARN_ENUM_CONVERSION = YES;
				CLANG_WARN_INFINITE_RECURSION = YES;
				CLANG_WARN_INT_CONVERSION = YES;
				CLANG_WARN_NON_LITERAL_NULL_CONVERSION = YES;
				CLANG_WARN_OBJC_IMPLICIT_RETAIN_SELF = YES;
				CLANG_WARN_OBJC_LITERAL_CONVERSION = YES;
				CLANG_WARN_OBJC_ROOT_CLASS = YES_ERROR;
				CLANG_WARN_QUOTED_INCLUDE_IN_FRAMEWORK_HEADER = YES;
				CLANG_WARN_RANGE_LOOP_ANALYSIS = YES;
				CLANG_WARN_STRICT_PROTOTYPES = YES;
				CLANG_WARN_SUSPICIOUS_MOVE = YES;
				CLANG_WARN_UNGUARDED_AVAILABILITY = YES_AGGRESSIVE;
				CLANG_WARN_UNREACHABLE_CODE = YES;
				CLANG_WARN__DUPLICATE_METHOD_MATCH = YES;
				COPY_PHASE_STRIP = NO;
				DEBUG_INFORMATION_FORMAT = dwarf;
				ENABLE_STRICT_OBJC_MSGSEND = YES;
				ENABLE_TESTABILITY = YES;
				ENABLE_USER_SCRIPT_SANDBOXING = YES;
				GCC_C_LANGUAGE_STANDARD = gnu17;
				GCC_DYNAMIC_NO_PIC = NO;
				GCC_NO_COMMON_BLOCKS = YES;
				GCC_OPTIMIZATION_LEVEL = 0;
				GCC_PREPROCESSOR_DEFINITIONS = (
					"DEBUG=1",
					"$(inherited)",
				);
				GCC_WARN_64_TO_32_BIT_CONVERSION = YES;
				GCC_WARN_ABOUT_RETURN_TYPE = YES_ERROR;
				GCC_WARN_UNDECLARED_SELECTOR = YES;
				GCC_WARN_UNINITIALIZED_AUTOS = YES_AGGRESSIVE;
				GCC_WARN_UNUSED_FUNCTION = YES;
				GCC_WARN_UNUSED_VARIABLE = YES;
				IPHONEOS_DEPLOYMENT_TARGET = 18.2;
				LOCALIZATION_PREFERS_STRING_CATALOGS = YES;
				MTL_ENABLE_DEBUG_INFO = INCLUDE_SOURCE;
				MTL_FAST_MATH = YES;
				ONLY_ACTIVE_ARCH = YES;
				SDKROOT = iphoneos;
				SWIFT_ACTIVE_COMPILATION_CONDITIONS = "DEBUG $(inherited)";
				SWIFT_OPTIMIZATION_LEVEL = "-Onone";
			};
			name = Debug;
		};
		22C83DFC2D6BDF1700651EDE /* Release */ = {
			isa = XCBuildConfiguration;
			buildSettings = {
				ALWAYS_SEARCH_USER_PATHS = NO;
				ASSETCATALOG_COMPILER_GENERATE_SWIFT_ASSET_SYMBOL_EXTENSIONS = YES;
				CLANG_ANALYZER_NONNULL = YES;
				CLANG_ANALYZER_NUMBER_OBJECT_CONVERSION = YES_AGGRESSIVE;
				CLANG_CXX_LANGUAGE_STANDARD = "gnu++20";
				CLANG_ENABLE_MODULES = YES;
				CLANG_ENABLE_OBJC_ARC = YES;
				CLANG_ENABLE_OBJC_WEAK = YES;
				CLANG_WARN_BLOCK_CAPTURE_AUTORELEASING = YES;
				CLANG_WARN_BOOL_CONVERSION = YES;
				CLANG_WARN_COMMA = YES;
				CLANG_WARN_CONSTANT_CONVERSION = YES;
				CLANG_WARN_DEPRECATED_OBJC_IMPLEMENTATIONS = YES;
				CLANG_WARN_DIRECT_OBJC_ISA_USAGE = YES_ERROR;
				CLANG_WARN_DOCUMENTATION_COMMENTS = YES;
				CLANG_WARN_EMPTY_BODY = YES;
				CLANG_WARN_ENUM_CONVERSION = YES;
				CLANG_WARN_INFINITE_RECURSION = YES;
				CLANG_WARN_INT_CONVERSION = YES;
				CLANG_WARN_NON_LITERAL_NULL_CONVERSION = YES;
				CLANG_WARN_OBJC_IMPLICIT_RETAIN_SELF = YES;
				CLANG_WARN_OBJC_LITERAL_CONVERSION = YES;
				CLANG_WARN_OBJC_ROOT_CLASS = YES_ERROR;
				CLANG_WARN_QUOTED_INCLUDE_IN_FRAMEWORK_HEADER = YES;
				CLANG_WARN_RANGE_LOOP_ANALYSIS = YES;
				CLANG_WARN_STRICT_PROTOTYPES = YES;
				CLANG_WARN_SUSPICIOUS_MOVE = YES;
				CLANG_WARN_UNGUARDED_AVAILABILITY = YES_AGGRESSIVE;
				CLANG_WARN_UNREACHABLE_CODE = YES;
				CLANG_WARN__DUPLICATE_METHOD_MATCH = YES;
				COPY_PHASE_STRIP = NO;
				DEBUG_INFORMATION_FORMAT = "dwarf-with-dsym";
				ENABLE_NS_ASSERTIONS = NO;
				ENABLE_STRICT_OBJC_MSGSEND = YES;
				ENABLE_USER_SCRIPT_SANDBOXING = YES;
				GCC_C_LANGUAGE_STANDARD = gnu17;
				GCC_NO_COMMON_BLOCKS = YES;
				GCC_WARN_64_TO_32_BIT_CONVERSION = YES;
				GCC_WARN_ABOUT_RETURN_TYPE = YES_ERROR;
				GCC_WARN_UNDECLARED_SELECTOR = YES;
				GCC_WARN_UNINITIALIZED_AUTOS = YES_AGGRESSIVE;
				GCC_WARN_UNUSED_FUNCTION = YES;
				GCC_WARN_UNUSED_VARIABLE = YES;
				IPHONEOS_DEPLOYMENT_TARGET = 18.2;
				LOCALIZATION_PREFERS_STRING_CATALOGS = YES;
				MTL_ENABLE_DEBUG_INFO = NO;
				MTL_FAST_MATH = YES;
				SDKROOT = iphoneos;
				SWIFT_COMPILATION_MODE = wholemodule;
				VALIDATE_PRODUCT = YES;
			};
			name = Release;
		};
		22C83DFE2D6BDF1700651EDE /* Debug */ = {
			isa = XCBuildConfiguration;
			buildSettings = {
				ASSETCATALOG_COMPILER_APPICON_NAME = AppIcon;
				ASSETCATALOG_COMPILER_GLOBAL_ACCENT_COLOR_NAME = AccentColor;
				CODE_SIGN_STYLE = Automatic;
				CURRENT_PROJECT_VERSION = 1;
				DEVELOPMENT_ASSET_PATHS = "\"Flappy Bird Swift UI/Preview Content\"";
				DEVELOPMENT_TEAM = HBT2797P83;
				ENABLE_PREVIEWS = YES;
				GENERATE_INFOPLIST_FILE = YES;
				INFOPLIST_KEY_UIApplicationSceneManifest_Generation = YES;
				INFOPLIST_KEY_UIApplicationSupportsIndirectInputEvents = YES;
				INFOPLIST_KEY_UILaunchScreen_Generation = YES;
				INFOPLIST_KEY_UISupportedInterfaceOrientations_iPad = "UIInterfaceOrientationPortrait UIInterfaceOrientationPortraitUpsideDown UIInterfaceOrientationLandscapeLeft UIInterfaceOrientationLandscapeRight";
				INFOPLIST_KEY_UISupportedInterfaceOrientations_iPhone = "UIInterfaceOrientationPortrait UIInterfaceOrientationLandscapeLeft UIInterfaceOrientationLandscapeRight";
				LD_RUNPATH_SEARCH_PATHS = (
					"$(inherited)",
					"@executable_path/Frameworks",
				);
				MARKETING_VERSION = 1.0;
				PRODUCT_BUNDLE_IDENTIFIER = "com.ati-holding.Flappy-Bird-Swift-UI";
				PRODUCT_NAME = "$(TARGET_NAME)";
				SWIFT_EMIT_LOC_STRINGS = YES;
				SWIFT_VERSION = 5.0;
				TARGETED_DEVICE_FAMILY = "1,2";
			};
			name = Debug;
		};
		22C83DFF2D6BDF1700651EDE /* Release */ = {
			isa = XCBuildConfiguration;
			buildSettings = {
				ASSETCATALOG_COMPILER_APPICON_NAME = AppIcon;
				ASSETCATALOG_COMPILER_GLOBAL_ACCENT_COLOR_NAME = AccentColor;
				CODE_SIGN_STYLE = Automatic;
				CURRENT_PROJECT_VERSION = 1;
				DEVELOPMENT_ASSET_PATHS = "\"Flappy Bird Swift UI/Preview Content\"";
				DEVELOPMENT_TEAM = HBT2797P83;
				ENABLE_PREVIEWS = YES;
				GENERATE_INFOPLIST_FILE = YES;
				INFOPLIST_KEY_UIApplicationSceneManifest_Generation = YES;
				INFOPLIST_KEY_UIApplicationSupportsIndirectInputEvents = YES;
				INFOPLIST_KEY_UILaunchScreen_Generation = YES;
				INFOPLIST_KEY_UISupportedInterfaceOrientations_iPad = "UIInterfaceOrientationPortrait UIInterfaceOrientationPortraitUpsideDown UIInterfaceOrientationLandscapeLeft UIInterfaceOrientationLandscapeRight";
				INFOPLIST_KEY_UISupportedInterfaceOrientations_iPhone = "UIInterfaceOrientationPortrait UIInterfaceOrientationLandscapeLeft UIInterfaceOrientationLandscapeRight";
				LD_RUNPATH_SEARCH_PATHS = (
					"$(inherited)",
					"@executable_path/Frameworks",
				);
				MARKETING_VERSION = 1.0;
				PRODUCT_BUNDLE_IDENTIFIER = "com.ati-holding.Flappy-Bird-Swift-UI";
				PRODUCT_NAME = "$(TARGET_NAME)";
				SWIFT_EMIT_LOC_STRINGS = YES;
				SWIFT_VERSION = 5.0;
				TARGETED_DEVICE_FAMILY = "1,2";
			};
			name = Release;
		};
		22C83E012D6BDF1700651EDE /* Debug */ = {
			isa = XCBuildConfiguration;
			buildSettings = {
				BUNDLE_LOADER = "$(TEST_HOST)";
				CODE_SIGN_STYLE = Automatic;
				CURRENT_PROJECT_VERSION = 1;
				DEVELOPMENT_TEAM = HBT2797P83;
				GENERATE_INFOPLIST_FILE = YES;
				IPHONEOS_DEPLOYMENT_TARGET = 18.2;
				MARKETING_VERSION = 1.0;
				PRODUCT_BUNDLE_IDENTIFIER = "com.ati-holding.Flappy-Bird-Swift-UITests";
				PRODUCT_NAME = "$(TARGET_NAME)";
				SWIFT_EMIT_LOC_STRINGS = NO;
				SWIFT_VERSION = 5.0;
				TARGETED_DEVICE_FAMILY = "1,2";
				TEST_HOST = "$(BUILT_PRODUCTS_DIR)/Flappy Bird Swift UI.app/$(BUNDLE_EXECUTABLE_FOLDER_PATH)/Flappy Bird Swift UI";
			};
			name = Debug;
		};
		22C83E022D6BDF1700651EDE /* Release */ = {
			isa = XCBuildConfiguration;
			buildSettings = {
				BUNDLE_LOADER = "$(TEST_HOST)";
				CODE_SIGN_STYLE = Automatic;
				CURRENT_PROJECT_VERSION = 1;
				DEVELOPMENT_TEAM = HBT2797P83;
				GENERATE_INFOPLIST_FILE = YES;
				IPHONEOS_DEPLOYMENT_TARGET = 18.2;
				MARKETING_VERSION = 1.0;
				PRODUCT_BUNDLE_IDENTIFIER = "com.ati-holding.Flappy-Bird-Swift-UITests";
				PRODUCT_NAME = "$(TARGET_NAME)";
				SWIFT_EMIT_LOC_STRINGS = NO;
				SWIFT_VERSION = 5.0;
				TARGETED_DEVICE_FAMILY = "1,2";
				TEST_HOST = "$(BUILT_PRODUCTS_DIR)/Flappy Bird Swift UI.app/$(BUNDLE_EXECUTABLE_FOLDER_PATH)/Flappy Bird Swift UI";
			};
			name = Release;
		};
		22C83E042D6BDF1700651EDE /* Debug */ = {
			isa = XCBuildConfiguration;
			buildSettings = {
				CODE_SIGN_STYLE = Automatic;
				CURRENT_PROJECT_VERSION = 1;
				DEVELOPMENT_TEAM = HBT2797P83;
				GENERATE_INFOPLIST_FILE = YES;
				MARKETING_VERSION = 1.0;
				PRODUCT_BUNDLE_IDENTIFIER = "com.ati-holding.Flappy-Bird-Swift-UIUITests";
				PRODUCT_NAME = "$(TARGET_NAME)";
				SWIFT_EMIT_LOC_STRINGS = NO;
				SWIFT_VERSION = 5.0;
				TARGETED_DEVICE_FAMILY = "1,2";
				TEST_TARGET_NAME = "Flappy Bird Swift UI";
			};
			name = Debug;
		};
		22C83E052D6BDF1700651EDE /* Release */ = {
			isa = XCBuildConfiguration;
			buildSettings = {
				CODE_SIGN_STYLE = Automatic;
				CURRENT_PROJECT_VERSION = 1;
				DEVELOPMENT_TEAM = HBT2797P83;
				GENERATE_INFOPLIST_FILE = YES;
				MARKETING_VERSION = 1.0;
				PRODUCT_BUNDLE_IDENTIFIER = "com.ati-holding.Flappy-Bird-Swift-UIUITests";
				PRODUCT_NAME = "$(TARGET_NAME)";
				SWIFT_EMIT_LOC_STRINGS = NO;
				SWIFT_VERSION = 5.0;
				TARGETED_DEVICE_FAMILY = "1,2";
				TEST_TARGET_NAME = "Flappy Bird Swift UI";
			};
			name = Release;
		};
/* End XCBuildConfiguration section */

/* Begin XCConfigurationList section */
		22C83DD22D6BDF1600651EDE /* Build configuration list for PBXProject "Flappy Bird Swift UI" */ = {
			isa = XCConfigurationList;
			buildConfigurations = (
				22C83DFB2D6BDF1700651EDE /* Debug */,
				22C83DFC2D6BDF1700651EDE /* Release */,
			);
			defaultConfigurationIsVisible = 0;
			defaultConfigurationName = Release;
		};
		22C83DFD2D6BDF1700651EDE /* Build configuration list for PBXNativeTarget "Flappy Bird Swift UI" */ = {
			isa = XCConfigurationList;
			buildConfigurations = (
				22C83DFE2D6BDF1700651EDE /* Debug */,
				22C83DFF2D6BDF1700651EDE /* Release */,
			);
			defaultConfigurationIsVisible = 0;
			defaultConfigurationName = Release;
		};
		22C83E002D6BDF1700651EDE /* Build configuration list for PBXNativeTarget "Flappy Bird Swift UITests" */ = {
			isa = XCConfigurationList;
			buildConfigurations = (
				22C83E012D6BDF1700651EDE /* Debug */,
				22C83E022D6BDF1700651EDE /* Release */,
			);
			defaultConfigurationIsVisible = 0;
			defaultConfigurationName = Release;
		};
		22C83E032D6BDF1700651EDE /* Build configuration list for PBXNativeTarget "Flappy Bird Swift UIUITests" */ = {
			isa = XCConfigurationList;
			buildConfigurations = (
				22C83E042D6BDF1700651EDE /* Debug */,
				22C83E052D6BDF1700651EDE /* Release */,
			);
			defaultConfigurationIsVisible = 0;
			defaultConfigurationName = Release;
		};
/* End XCConfigurationList section */
	};
	rootObject = 22C83DCF2D6BDF1600651EDE /* Project object */;
}
